
Microsoft Visual Studio Solution File, Format Version 12.00
# Visual Studio Version 16
VisualStudioVersion = 16.0.31702.278
MinimumVisualStudioVersion = 10.0.40219.1
Project("{FAE04EC0-301F-11D3-BF4B-00C04F79EFBC}") = "WordGuesser", "WordGuesser\WordGuesser.csproj", "{B9349FBF-7C01-4070-B275-88E356871549}"
EndProject
Global
	GlobalSection(SolutionConfigurationPlatforms) = preSolution
		Debug|Any CPU = Debug|Any CPU
		Release|Any CPU = Release|Any CPU
	EndGlobalSection
	GlobalSection(ProjectConfigurationPlatforms) = postSolution
		{B9349FBF-7C01-4070-B275-88E356871549}.Debug|Any CPU.ActiveCfg = Debug|Any CPU
		{B9349FBF-7C01-4070-B275-88E356871549}.Debug|Any CPU.Build.0 = Debug|Any CPU
		{B9349FBF-7C01-4070-B275-88E356871549}.Release|Any CPU.ActiveCfg = Release|Any CPU
		{B9349FBF-7C01-4070-B275-88E356871549}.Release|Any CPU.Build.0 = Release|Any CPU
	EndGlobalSection
	GlobalSection(SolutionProperties) = preSolution
		HideSolutionNode = FALSE
	EndGlobalSection
	GlobalSection(ExtensibilityGlobals) = postSolution
		SolutionGuid = {950EC53F-022B-4A7C-B175-A35C9B5A5ED7}
	EndGlobalSection
EndGlobal
